{
  "name": "election-deltas",
  "version": "0.0.1",
  "lockfileVersion": 1,
  "dependencies": {
    "csv-parse": {
      "version": "1.2.0",
      "resolved": "https://registry.npmjs.org/csv-parse/-/csv-parse-1.2.0.tgz",
      "integrity": "sha1-BHtzhoq5qFdG6IX2N/ntD7ZFpCU="
    },
    "d3-collection": {
      "version": "1.0.4",
      "resolved": "https://registry.npmjs.org/d3-collection/-/d3-collection-1.0.4.tgz",
      "integrity": "sha1-NC39EoN8kJdPM/HMCnha6lcNzcI="
    },
    "graceful-fs": {
      "version": "4.1.11",
      "resolved": "https://registry.npmjs.org/graceful-fs/-/graceful-fs-4.1.11.tgz",
      "integrity": "sha1-Dovf5NHduIVNZOBOp8AOKgJuVlg=",
      "optional": true
    },
    "jsonfile": {
      "version": "3.0.1",
      "resolved": "https://registry.npmjs.org/jsonfile/-/jsonfile-3.0.1.tgz",
      "integrity": "sha1-pezG9l9T9mLEQVx2daAzHQmS7GY="
    },
    "stream-transform": {
      "version": "0.1.2",
      "resolved": "https://registry.npmjs.org/stream-transform/-/stream-transform-0.1.2.tgz",
      "integrity": "sha1-fY5rTgOsR4F3j4x5UXUBv7B2Kp8="
    }
  }
}
